
Microsoft Visual Studio Solution File, Format Version 10.00
# Visual C# Express 2008
Project("{FAE04EC0-301F-11D3-BF4B-00C04F79EFBC}") = "sender", "sender.csproj", "{BD269816-1672-4D20-B64B-71B376C55541}"
EndProject
Project("{FAE04EC0-301F-11D3-BF4B-00C04F79EFBC}") = "receiver", "..\receiver\receiver.csproj", "{84215F5B-3036-4818-8761-93B168A1ACBB}"
EndProject
Global
	GlobalSection(SolutionConfigurationPlatforms) = preSolution
		Debug|Any CPU = Debug|Any CPU
		Release|Any CPU = Release|Any CPU
	EndGlobalSection
	GlobalSection(ProjectConfigurationPlatforms) = postSolution
		{BD269816-1672-4D20-B64B-71B376C55541}.Debug|Any CPU.ActiveCfg = Debug|Any CPU
		{BD269816-1672-4D20-B64B-71B376C55541}.Debug|Any CPU.Build.0 = Debug|Any CPU
		{BD269816-1672-4D20-B64B-71B376C55541}.Release|Any CPU.ActiveCfg = Release|Any CPU
		{BD269816-1672-4D20-B64B-71B376C55541}.Release|Any CPU.Build.0 = Release|Any CPU
		{84215F5B-3036-4818-8761-93B168A1ACBB}.Debug|Any CPU.ActiveCfg = Debug|Any CPU
		{84215F5B-3036-4818-8761-93B168A1ACBB}.Debug|Any CPU.Build.0 = Debug|Any CPU
		{84215F5B-3036-4818-8761-93B168A1ACBB}.Release|Any CPU.ActiveCfg = Release|Any CPU
		{84215F5B-3036-4818-8761-93B168A1ACBB}.Release|Any CPU.Build.0 = Release|Any CPU
	EndGlobalSection
	GlobalSection(SolutionProperties) = preSolution
		HideSolutionNode = FALSE
	EndGlobalSection
EndGlobal
